
Microsoft Visual Studio Solution File, Format Version 12.00
# Visual Studio Version 17
VisualStudioVersion = 17.8.34525.116
MinimumVisualStudioVersion = 10.0.40219.1
Project("{FAE04EC0-301F-11D3-BF4B-00C04F79EFBC}") = "SchoolManagement", "SchoolManagement\SchoolManagement.csproj", "{867A4F8C-0AC9-4867-AA2F-7426ADD17804}"
EndProject
Global
	GlobalSection(SolutionConfigurationPlatforms) = preSolution
		Debug|Any CPU = Debug|Any CPU
		Release|Any CPU = Release|Any CPU
	EndGlobalSection
	GlobalSection(ProjectConfigurationPlatforms) = postSolution
		{867A4F8C-0AC9-4867-AA2F-7426ADD17804}.Debug|Any CPU.ActiveCfg = Debug|Any CPU
		{867A4F8C-0AC9-4867-AA2F-7426ADD17804}.Debug|Any CPU.Build.0 = Debug|Any CPU
		{867A4F8C-0AC9-4867-AA2F-7426ADD17804}.Release|Any CPU.ActiveCfg = Release|Any CPU
		{867A4F8C-0AC9-4867-AA2F-7426ADD17804}.Release|Any CPU.Build.0 = Release|Any CPU
	EndGlobalSection
	GlobalSection(SolutionProperties) = preSolution
		HideSolutionNode = FALSE
	EndGlobalSection
	GlobalSection(ExtensibilityGlobals) = postSolution
		SolutionGuid = {EDDB1A67-6C93-45DA-8642-484A486CF0B7}
	EndGlobalSection
EndGlobal
